
Microsoft Visual Studio Solution File, Format Version 12.00
Project("{FAE04EC0-301F-11D3-BF4B-00C04F79EFBC}") = "InterfaceSegregation", "InterfaceSegregation.csproj", "{7865FC7E-5257-4EA7-81F0-3C3F2838966F}"
EndProject
Global
	GlobalSection(SolutionConfigurationPlatforms) = preSolution
		Debug|Any CPU = Debug|Any CPU
		Release|Any CPU = Release|Any CPU
	EndGlobalSection
	GlobalSection(ProjectConfigurationPlatforms) = postSolution
		{7865FC7E-5257-4EA7-81F0-3C3F2838966F}.Debug|Any CPU.ActiveCfg = Debug|Any CPU
		{7865FC7E-5257-4EA7-81F0-3C3F2838966F}.Debug|Any CPU.Build.0 = Debug|Any CPU
		{7865FC7E-5257-4EA7-81F0-3C3F2838966F}.Release|Any CPU.ActiveCfg = Release|Any CPU
		{7865FC7E-5257-4EA7-81F0-3C3F2838966F}.Release|Any CPU.Build.0 = Release|Any CPU
	EndGlobalSection
EndGlobal
